
Microsoft Visual Studio Solution File, Format Version 12.00
# Visual Studio 15
VisualStudioVersion = 15.0.28307.136
MinimumVisualStudioVersion = 10.0.40219.1
Project("{FAE04EC0-301F-11D3-BF4B-00C04F79EFBC}") = "DIT_ui.Android", "DIT_ui\DIT_ui.Android\DIT_ui.Android.csproj", "{D8580D9B-7E53-424F-8DBA-3016ED77C88C}"
EndProject
Project("{FAE04EC0-301F-11D3-BF4B-00C04F79EFBC}") = "DIT_ui.iOS", "DIT_ui\DIT_ui.iOS\DIT_ui.iOS.csproj", "{D06E1D5D-6AB0-4CA6-8CD7-9D2A84D1E010}"
EndProject
Project("{FAE04EC0-301F-11D3-BF4B-00C04F79EFBC}") = "DIT_ui", "DIT_ui\DIT_ui\DIT_ui.csproj", "{BB23756D-5533-46B0-B797-D49AD319ACEC}"
EndProject
Global
	GlobalSection(SolutionConfigurationPlatforms) = preSolution
		Ad-Hoc|Any CPU = Ad-Hoc|Any CPU
		Ad-Hoc|iPhone = Ad-Hoc|iPhone
		Ad-Hoc|iPhoneSimulator = Ad-Hoc|iPhoneSimulator
		AppStore|Any CPU = AppStore|Any CPU
		AppStore|iPhone = AppStore|iPhone
		AppStore|iPhoneSimulator = AppStore|iPhoneSimulator
		Debug|Any CPU = Debug|Any CPU
		Debug|iPhone = Debug|iPhone
		Debug|iPhoneSimulator = Debug|iPhoneSimulator
		Release|Any CPU = Release|Any CPU
		Release|iPhone = Release|iPhone
		Release|iPhoneSimulator = Release|iPhoneSimulator
	EndGlobalSection
	GlobalSection(ProjectConfigurationPlatforms) = postSolution
		{D8580D9B-7E53-424F-8DBA-3016ED77C88C}.Ad-Hoc|Any CPU.ActiveCfg = Release|Any CPU
		{D8580D9B-7E53-424F-8DBA-3016ED77C88C}.Ad-Hoc|Any CPU.Build.0 = Release|Any CPU
		{D8580D9B-7E53-424F-8DBA-3016ED77C88C}.Ad-Hoc|Any CPU.Deploy.0 = Release|Any CPU
		{D8580D9B-7E53-424F-8DBA-3016ED77C88C}.Ad-Hoc|iPhone.ActiveCfg = Release|Any CPU
		{D8580D9B-7E53-424F-8DBA-3016ED77C88C}.Ad-Hoc|iPhone.Build.0 = Release|Any CPU
		{D8580D9B-7E53-424F-8DBA-3016ED77C88C}.Ad-Hoc|iPhone.Deploy.0 = Release|Any CPU
		{D8580D9B-7E53-424F-8DBA-3016ED77C88C}.Ad-Hoc|iPhoneSimulator.ActiveCfg = Release|Any CPU
		{D8580D9B-7E53-424F-8DBA-3016ED77C88C}.Ad-Hoc|iPhoneSimulator.Build.0 = Release|Any CPU
		{D8580D9B-7E53-424F-8DBA-3016ED77C88C}.Ad-Hoc|iPhoneSimulator.Deploy.0 = Release|Any CPU
		{D8580D9B-7E53-424F-8DBA-3016ED77C88C}.AppStore|Any CPU.ActiveCfg = Release|Any CPU
		{D8580D9B-7E53-424F-8DBA-3016ED77C88C}.AppStore|Any CPU.Build.0 = Release|Any CPU
		{D8580D9B-7E53-424F-8DBA-3016ED77C88C}.AppStore|Any CPU.Deploy.0 = Release|Any CPU
		{D8580D9B-7E53-424F-8DBA-3016ED77C88C}.AppStore|iPhone.ActiveCfg = Release|Any CPU
		{D8580D9B-7E53-424F-8DBA-3016ED77C88C}.AppStore|iPhone.Build.0 = Release|Any CPU
		{D8580D9B-7E53-424F-8DBA-3016ED77C88C}.AppStore|iPhone.Deploy.0 = Release|Any CPU
		{D8580D9B-7E53-424F-8DBA-3016ED77C88C}.AppStore|iPhoneSimulator.ActiveCfg = Release|Any CPU
		{D8580D9B-7E53-424F-8DBA-3016ED77C88C}.AppStore|iPhoneSimulator.Build.0 = Release|Any CPU
		{D8580D9B-7E53-424F-8DBA-3016ED77C88C}.AppStore|iPhoneSimulator.Deploy.0 = Release|Any CPU
		{D8580D9B-7E53-424F-8DBA-3016ED77C88C}.Debug|Any CPU.ActiveCfg = Debug|Any CPU
		{D8580D9B-7E53-424F-8DBA-3016ED77C88C}.Debug|Any CPU.Build.0 = Debug|Any CPU
		{D8580D9B-7E53-424F-8DBA-3016ED77C88C}.Debug|Any CPU.Deploy.0 = Debug|Any CPU
		{D8580D9B-7E53-424F-8DBA-3016ED77C88C}.Debug|iPhone.ActiveCfg = Debug|Any CPU
		{D8580D9B-7E53-424F-8DBA-3016ED77C88C}.Debug|iPhone.Build.0 = Debug|Any CPU
		{D8580D9B-7E53-424F-8DBA-3016ED77C88C}.Debug|iPhone.Deploy.0 = Debug|Any CPU
		{D8580D9B-7E53-424F-8DBA-3016ED77C88C}.Debug|iPhoneSimulator.ActiveCfg = Debug|Any CPU
		{D8580D9B-7E53-424F-8DBA-3016ED77C88C}.Debug|iPhoneSimulator.Build.0 = Debug|Any CPU
		{D8580D9B-7E53-424F-8DBA-3016ED77C88C}.Debug|iPhoneSimulator.Deploy.0 = Debug|Any CPU
		{D8580D9B-7E53-424F-8DBA-3016ED77C88C}.Release|Any CPU.ActiveCfg = Release|Any CPU
		{D8580D9B-7E53-424F-8DBA-3016ED77C88C}.Release|Any CPU.Build.0 = Release|Any CPU
		{D8580D9B-7E53-424F-8DBA-3016ED77C88C}.Release|Any CPU.Deploy.0 = Release|Any CPU
		{D8580D9B-7E53-424F-8DBA-3016ED77C88C}.Release|iPhone.ActiveCfg = Release|Any CPU
		{D8580D9B-7E53-424F-8DBA-3016ED77C88C}.Release|iPhone.Build.0 = Release|Any CPU
		{D8580D9B-7E53-424F-8DBA-3016ED77C88C}.Release|iPhone.Deploy.0 = Release|Any CPU
		{D8580D9B-7E53-424F-8DBA-3016ED77C88C}.Release|iPhoneSimulator.ActiveCfg = Release|Any CPU
		{D8580D9B-7E53-424F-8DBA-3016ED77C88C}.Release|iPhoneSimulator.Build.0 = Release|Any CPU
		{D8580D9B-7E53-424F-8DBA-3016ED77C88C}.Release|iPhoneSimulator.Deploy.0 = Release|Any CPU
		{D06E1D5D-6AB0-4CA6-8CD7-9D2A84D1E010}.Ad-Hoc|Any CPU.ActiveCfg = Ad-Hoc|iPhone
		{D06E1D5D-6AB0-4CA6-8CD7-9D2A84D1E010}.Ad-Hoc|Any CPU.Build.0 = Ad-Hoc|iPhone
		{D06E1D5D-6AB0-4CA6-8CD7-9D2A84D1E010}.Ad-Hoc|Any CPU.Deploy.0 = Ad-Hoc|iPhone
		{D06E1D5D-6AB0-4CA6-8CD7-9D2A84D1E010}.Ad-Hoc|iPhone.ActiveCfg = Ad-Hoc|iPhone
		{D06E1D5D-6AB0-4CA6-8CD7-9D2A84D1E010}.Ad-Hoc|iPhone.Build.0 = Ad-Hoc|iPhone
		{D06E1D5D-6AB0-4CA6-8CD7-9D2A84D1E010}.Ad-Hoc|iPhone.Deploy.0 = Ad-Hoc|iPhone
		{D06E1D5D-6AB0-4CA6-8CD7-9D2A84D1E010}.Ad-Hoc|iPhoneSimulator.ActiveCfg = Ad-Hoc|iPhoneSimulator
		{D06E1D5D-6AB0-4CA6-8CD7-9D2A84D1E010}.Ad-Hoc|iPhoneSimulator.Build.0 = Ad-Hoc|iPhoneSimulator
		{D06E1D5D-6AB0-4CA6-8CD7-9D2A84D1E010}.Ad-Hoc|iPhoneSimulator.Deploy.0 = Ad-Hoc|iPhoneSimulator
		{D06E1D5D-6AB0-4CA6-8CD7-9D2A84D1E010}.AppStore|Any CPU.ActiveCfg = AppStore|iPhone
		{D06E1D5D-6AB0-4CA6-8CD7-9D2A84D1E010}.AppStore|Any CPU.Build.0 = AppStore|iPhone
		{D06E1D5D-6AB0-4CA6-8CD7-9D2A84D1E010}.AppStore|Any CPU.Deploy.0 = AppStore|iPhone
		{D06E1D5D-6AB0-4CA6-8CD7-9D2A84D1E010}.AppStore|iPhone.ActiveCfg = AppStore|iPhone
		{D06E1D5D-6AB0-4CA6-8CD7-9D2A84D1E010}.AppStore|iPhone.Build.0 = AppStore|iPhone
		{D06E1D5D-6AB0-4CA6-8CD7-9D2A84D1E010}.AppStore|iPhone.Deploy.0 = AppStore|iPhone
		{D06E1D5D-6AB0-4CA6-8CD7-9D2A84D1E010}.AppStore|iPhoneSimulator.ActiveCfg = AppStore|iPhoneSimulator
		{D06E1D5D-6AB0-4CA6-8CD7-9D2A84D1E010}.AppStore|iPhoneSimulator.Build.0 = AppStore|iPhoneSimulator
		{D06E1D5D-6AB0-4CA6-8CD7-9D2A84D1E010}.AppStore|iPhoneSimulator.Deploy.0 = AppStore|iPhoneSimulator
		{D06E1D5D-6AB0-4CA6-8CD7-9D2A84D1E010}.Debug|Any CPU.ActiveCfg = Debug|iPhoneSimulator
		{D06E1D5D-6AB0-4CA6-8CD7-9D2A84D1E010}.Debug|Any CPU.Build.0 = Debug|iPhoneSimulator
		{D06E1D5D-6AB0-4CA6-8CD7-9D2A84D1E010}.Debug|Any CPU.Deploy.0 = Debug|iPhoneSimulator
		{D06E1D5D-6AB0-4CA6-8CD7-9D2A84D1E010}.Debug|iPhone.ActiveCfg = Debug|iPhone
		{D06E1D5D-6AB0-4CA6-8CD7-9D2A84D1E010}.Debug|iPhone.Build.0 = Debug|iPhone
		{D06E1D5D-6AB0-4CA6-8CD7-9D2A84D1E010}.Debug|iPhone.Deploy.0 = Debug|iPhone
		{D06E1D5D-6AB0-4CA6-8CD7-9D2A84D1E010}.Debug|iPhoneSimulator.ActiveCfg = Debug|iPhoneSimulator
		{D06E1D5D-6AB0-4CA6-8CD7-9D2A84D1E010}.Debug|iPhoneSimulator.Build.0 = Debug|iPhoneSimulator
		{D06E1D5D-6AB0-4CA6-8CD7-9D2A84D1E010}.Debug|iPhoneSimulator.Deploy.0 = Debug|iPhoneSimulator
		{D06E1D5D-6AB0-4CA6-8CD7-9D2A84D1E010}.Release|Any CPU.ActiveCfg = Release|iPhone
		{D06E1D5D-6AB0-4CA6-8CD7-9D2A84D1E010}.Release|Any CPU.Build.0 = Release|iPhone
		{D06E1D5D-6AB0-4CA6-8CD7-9D2A84D1E010}.Release|Any CPU.Deploy.0 = Release|iPhone
		{D06E1D5D-6AB0-4CA6-8CD7-9D2A84D1E010}.Release|iPhone.ActiveCfg = Release|iPhone
		{D06E1D5D-6AB0-4CA6-8CD7-9D2A84D1E010}.Release|iPhone.Build.0 = Release|iPhone
		{D06E1D5D-6AB0-4CA6-8CD7-9D2A84D1E010}.Release|iPhone.Deploy.0 = Release|iPhone
		{D06E1D5D-6AB0-4CA6-8CD7-9D2A84D1E010}.Release|iPhoneSimulator.ActiveCfg = Release|iPhoneSimulator
		{D06E1D5D-6AB0-4CA6-8CD7-9D2A84D1E010}.Release|iPhoneSimulator.Build.0 = Release|iPhoneSimulator
		{D06E1D5D-6AB0-4CA6-8CD7-9D2A84D1E010}.Release|iPhoneSimulator.Deploy.0 = Release|iPhoneSimulator
		{BB23756D-5533-46B0-B797-D49AD319ACEC}.Ad-Hoc|Any CPU.ActiveCfg = Debug|Any CPU
		{BB23756D-5533-46B0-B797-D49AD319ACEC}.Ad-Hoc|Any CPU.Build.0 = Debug|Any CPU
		{BB23756D-5533-46B0-B797-D49AD319ACEC}.Ad-Hoc|Any CPU.Deploy.0 = Debug|Any CPU
		{BB23756D-5533-46B0-B797-D49AD319ACEC}.Ad-Hoc|iPhone.ActiveCfg = Debug|Any CPU
		{BB23756D-5533-46B0-B797-D49AD319ACEC}.Ad-Hoc|iPhone.Build.0 = Debug|Any CPU
		{BB23756D-5533-46B0-B797-D49AD319ACEC}.Ad-Hoc|iPhone.Deploy.0 = Debug|Any CPU
		{BB23756D-5533-46B0-B797-D49AD319ACEC}.Ad-Hoc|iPhoneSimulator.ActiveCfg = Debug|Any CPU
		{BB23756D-5533-46B0-B797-D49AD319ACEC}.Ad-Hoc|iPhoneSimulator.Build.0 = Debug|Any CPU
		{BB23756D-5533-46B0-B797-D49AD319ACEC}.Ad-Hoc|iPhoneSimulator.Deploy.0 = Debug|Any CPU
		{BB23756D-5533-46B0-B797-D49AD319ACEC}.AppStore|Any CPU.ActiveCfg = Debug|Any CPU
		{BB23756D-5533-46B0-B797-D49AD319ACEC}.AppStore|Any CPU.Build.0 = Debug|Any CPU
		{BB23756D-5533-46B0-B797-D49AD319ACEC}.AppStore|Any CPU.Deploy.0 = Debug|Any CPU
		{BB23756D-5533-46B0-B797-D49AD319ACEC}.AppStore|iPhone.ActiveCfg = Debug|Any CPU
		{BB23756D-5533-46B0-B797-D49AD319ACEC}.AppStore|iPhone.Build.0 = Debug|Any CPU
		{BB23756D-5533-46B0-B797-D49AD319ACEC}.AppStore|iPhone.Deploy.0 = Debug|Any CPU
		{BB23756D-5533-46B0-B797-D49AD319ACEC}.AppStore|iPhoneSimulator.ActiveCfg = Debug|Any CPU
		{BB23756D-5533-46B0-B797-D49AD319ACEC}.AppStore|iPhoneSimulator.Build.0 = Debug|Any CPU
		{BB23756D-5533-46B0-B797-D49AD319ACEC}.AppStore|iPhoneSimulator.Deploy.0 = Debug|Any CPU
		{BB23756D-5533-46B0-B797-D49AD319ACEC}.Debug|Any CPU.ActiveCfg = Debug|Any CPU
		{BB23756D-5533-46B0-B797-D49AD319ACEC}.Debug|Any CPU.Build.0 = Debug|Any CPU
		{BB23756D-5533-46B0-B797-D49AD319ACEC}.Debug|Any CPU.Deploy.0 = Debug|Any CPU
		{BB23756D-5533-46B0-B797-D49AD319ACEC}.Debug|iPhone.ActiveCfg = Debug|Any CPU
		{BB23756D-5533-46B0-B797-D49AD319ACEC}.Debug|iPhone.Build.0 = Debug|Any CPU
		{BB23756D-5533-46B0-B797-D49AD319ACEC}.Debug|iPhone.Deploy.0 = Debug|Any CPU
		{BB23756D-5533-46B0-B797-D49AD319ACEC}.Debug|iPhoneSimulator.ActiveCfg = Debug|Any CPU
		{BB23756D-5533-46B0-B797-D49AD319ACEC}.Debug|iPhoneSimulator.Build.0 = Debug|Any CPU
		{BB23756D-5533-46B0-B797-D49AD319ACEC}.Debug|iPhoneSimulator.Deploy.0 = Debug|Any CPU
		{BB23756D-5533-46B0-B797-D49AD319ACEC}.Release|Any CPU.ActiveCfg = Release|Any CPU
		{BB23756D-5533-46B0-B797-D49AD319ACEC}.Release|Any CPU.Build.0 = Release|Any CPU
		{BB23756D-5533-46B0-B797-D49AD319ACEC}.Release|Any CPU.Deploy.0 = Release|Any CPU
		{BB23756D-5533-46B0-B797-D49AD319ACEC}.Release|iPhone.ActiveCfg = Release|Any CPU
		{BB23756D-5533-46B0-B797-D49AD319ACEC}.Release|iPhone.Build.0 = Release|Any CPU
		{BB23756D-5533-46B0-B797-D49AD319ACEC}.Release|iPhone.Deploy.0 = Release|Any CPU
		{BB23756D-5533-46B0-B797-D49AD319ACEC}.Release|iPhoneSimulator.ActiveCfg = Release|Any CPU
		{BB23756D-5533-46B0-B797-D49AD319ACEC}.Release|iPhoneSimulator.Build.0 = Release|Any CPU
		{BB23756D-5533-46B0-B797-D49AD319ACEC}.Release|iPhoneSimulator.Deploy.0 = Release|Any CPU
	EndGlobalSection
	GlobalSection(SolutionProperties) = preSolution
		HideSolutionNode = FALSE
	EndGlobalSection
	GlobalSection(ExtensibilityGlobals) = postSolution
		SolutionGuid = {D9315E11-5148-4FA7-9FA1-0FE6E99355C5}
	EndGlobalSection
EndGlobal
